
Microsoft Visual Studio Solution File, Format Version 12.00
# Visual Studio 15
VisualStudioVersion = 15.0.28307.852
MinimumVisualStudioVersion = 10.0.40219.1
Project("{FAE04EC0-301F-11D3-BF4B-00C04F79EFBC}") = "FuelInformaton", "FuelInformaton\FuelInformaton.csproj", "{A0F5F454-4D3C-4F88-A55B-DD4827A3DF07}"
EndProject
Global
	GlobalSection(SolutionConfigurationPlatforms) = preSolution
		Debug|Any CPU = Debug|Any CPU
		Release|Any CPU = Release|Any CPU
	EndGlobalSection
	GlobalSection(ProjectConfigurationPlatforms) = postSolution
		{A0F5F454-4D3C-4F88-A55B-DD4827A3DF07}.Debug|Any CPU.ActiveCfg = Debug|Any CPU
		{A0F5F454-4D3C-4F88-A55B-DD4827A3DF07}.Debug|Any CPU.Build.0 = Debug|Any CPU
		{A0F5F454-4D3C-4F88-A55B-DD4827A3DF07}.Release|Any CPU.ActiveCfg = Release|Any CPU
		{A0F5F454-4D3C-4F88-A55B-DD4827A3DF07}.Release|Any CPU.Build.0 = Release|Any CPU
	EndGlobalSection
	GlobalSection(SolutionProperties) = preSolution
		HideSolutionNode = FALSE
	EndGlobalSection
	GlobalSection(ExtensibilityGlobals) = postSolution
		SolutionGuid = {18CF8A3F-BAD8-4477-9F98-1258C1C51B83}
	EndGlobalSection
EndGlobal
